
Microsoft Visual Studio Solution File, Format Version 12.00
# Visual Studio Version 17
VisualStudioVersion = 17.0.31903.59
MinimumVisualStudioVersion = 10.0.40219.1
Project("{9A19103F-16F7-4668-BE54-9A1E7A4F7556}") = "DevFreela.API", "DevFreela.API\DevFreela.API.csproj", "{D4ABFFC2-5116-4C77-B591-40A13C6A203A}"
EndProject
Project("{9A19103F-16F7-4668-BE54-9A1E7A4F7556}") = "DevFreela.Core", "DevFreela.Core\DevFreela.Core.csproj", "{0B883B2B-B414-4CAA-BA8B-3A3A90ED8932}"
EndProject
Project("{9A19103F-16F7-4668-BE54-9A1E7A4F7556}") = "DevFreela.Infrastructure", "DevFreela.Infrastructure\DevFreela.Infrastructure.csproj", "{11DB201A-16BD-444D-B84C-A98BABB2AA3E}"
EndProject
Global
	GlobalSection(SolutionConfigurationPlatforms) = preSolution
		Debug|Any CPU = Debug|Any CPU
		Release|Any CPU = Release|Any CPU
	EndGlobalSection
	GlobalSection(ProjectConfigurationPlatforms) = postSolution
		{D4ABFFC2-5116-4C77-B591-40A13C6A203A}.Debug|Any CPU.ActiveCfg = Debug|Any CPU
		{D4ABFFC2-5116-4C77-B591-40A13C6A203A}.Debug|Any CPU.Build.0 = Debug|Any CPU
		{D4ABFFC2-5116-4C77-B591-40A13C6A203A}.Release|Any CPU.ActiveCfg = Release|Any CPU
		{D4ABFFC2-5116-4C77-B591-40A13C6A203A}.Release|Any CPU.Build.0 = Release|Any CPU
		{0B883B2B-B414-4CAA-BA8B-3A3A90ED8932}.Debug|Any CPU.ActiveCfg = Debug|Any CPU
		{0B883B2B-B414-4CAA-BA8B-3A3A90ED8932}.Debug|Any CPU.Build.0 = Debug|Any CPU
		{0B883B2B-B414-4CAA-BA8B-3A3A90ED8932}.Release|Any CPU.ActiveCfg = Release|Any CPU
		{0B883B2B-B414-4CAA-BA8B-3A3A90ED8932}.Release|Any CPU.Build.0 = Release|Any CPU
		{11DB201A-16BD-444D-B84C-A98BABB2AA3E}.Debug|Any CPU.ActiveCfg = Debug|Any CPU
		{11DB201A-16BD-444D-B84C-A98BABB2AA3E}.Debug|Any CPU.Build.0 = Debug|Any CPU
		{11DB201A-16BD-444D-B84C-A98BABB2AA3E}.Release|Any CPU.ActiveCfg = Release|Any CPU
		{11DB201A-16BD-444D-B84C-A98BABB2AA3E}.Release|Any CPU.Build.0 = Release|Any CPU
	EndGlobalSection
	GlobalSection(SolutionProperties) = preSolution
		HideSolutionNode = FALSE
	EndGlobalSection
	GlobalSection(ExtensibilityGlobals) = postSolution
		SolutionGuid = {D59DA162-214B-4194-B83C-DCCBAC6670C2}
	EndGlobalSection
EndGlobal
